PODS:
  - FlutterMacOS (1.0.0)
  - photo_manager (3.10.0):
    - Flutter
    - FlutterMacOS

DEPENDENCIES:
  - FlutterMacOS (from `Flutter/ephemeral`)
  - photo_manager (from `Flutter/ephemeral/.symlinks/plugins/photo_manager/darwin`)

EXTERNAL SOURCES:
  FlutterMacOS:
    :path: Flutter/ephemeral
  photo_manager:
    :path: Flutter/ephemeral/.symlinks/plugins/photo_manager/darwin

SPEC CHECKSUMS:
  FlutterMacOS: d0db08ddef1a9af05a5ec4b724367152bb0500b1
  photo_manager: 93cc83778e33d5fd49dfd7e34b73f8f5a4f10aaf

PODFILE CHECKSUM: 54d867c82ac51cbd61b565781b9fada492027009

COCOAPODS: 1.16.2
